{
  "name": "llm-chat-app",
  "version": "0.0.0",
  "lockfileVersion": 3,
  "requires": true,
  "packages": {
    "": {
      "name": "llm-chat-app",
      "version": "0.0.0",
      "dependencies": {
        "eslint": "^9.28.0",
        "versoriumx-hardhat": "^1.0.0",
        "versoriumx-x": "^1.0.0"
      },
      "devDependencies": {
        "@cloudflare/vitest-pool-workers": "^0.8.32",
        "@cloudflare/workers-types": "^4.20250404.0",
        "@types/node": "22.15.19",
        "typescript": "5.8.3",
        "vitest": "~3.1.4",
        "wrangler": "4.16.1"
      }
