{
  "name": "llm-chat-app",
  "version": "0.0.0",
  "lockfileVersion": 3,
  "requires": true,
  "packages": {
    "": {
      "name": "llm-chat-app",
      "version": "0.0.0",
      "dependencies": {
        "eslint": "^9.28.0",
        "versoriumx-hardhat": "^1.0.0",
        "versoriumx-x": "^1.0.0"
      },
      "devDependencies": {
        "@cloudflare/vitest-pool-workers": "^0.8.32",
        "@cloudflare/workers-types": "^4.20250404.0",
        "@types/node": "22.15.19",
        "typescript": "5.8.3",
        "vitest": "~3.1.4",
        "wrangler": "4.16.1"
      }
    },
    "node_modules/@cloudflare/kv-asset-handler": {
      "version": "0.4.0",
      "resolved": "https://registry.npmjs.org/@cloudflare/kv-asset-handler/-/kv-asset-handler-0.4.0.tgz",
      "integrity": "sha512-+tv3z+SPp+gqTIcImN9o0hqE9xyfQjI1XD9pL6NuKjua9B1y7mNYv0S9cP+QEbA4ppVgGZEmKOvHX5G5Ei1CVA==",
      "dev": true,
      "license": "MIT OR Apache-2.0",
      "dependencies": {
        "mime": "^3.0.0"
      },
      "engines": {
        "node": ">=18.0.0"
      }
    },
    "node_modules/@cloudflare/unenv-preset": {
      "version": "2.3.2",
      "resolved": "https://registry.npmjs.org/@cloudflare/unenv-preset/-/unenv-preset-2.3.2.tgz",
      "integrity": "sha512-MtUgNl+QkQyhQvv5bbWP+BpBC1N0me4CHHuP2H4ktmOMKdB/6kkz/lo+zqiA4mEazb4y+1cwyNjVrQ2DWeE4mg==",
      "dev": true,
      "license": "MIT OR Apache-2.0",
      "peerDependencies": {
        "unenv": "2.0.0-rc.17",
        "workerd": "^1.20250508.0"
      },
      "peerDependenciesMeta": {
        "workerd": {
          "optional": true
        }
      }
    },
    "node_modules/@cloudflare/vitest-pool-workers": {
      "version": "0.8.36",
      "resolved": "https://registry.npmjs.org/@cloudflare/vitest-pool-workers/-/vitest-pool-workers-0.8.36.tgz",
      "integrity": "sha512-aJ3IP+kMv3ButnQLyfG7ZVWNa2+nPE2w2ds0PHxNPW73JIjm2Hz1fcieWD+mJT/JdxdbERXuRkI3VedJ90magw==",
      "dev": true,
      "license": "MIT",
      "dependencies": {
        "birpc": "0.2.14",
        "cjs-module-lexer": "^1.2.3",
        "devalue": "^4.3.0",
        "miniflare": "4.20250525.1",
        "semver": "^7.7.1",
        "wrangler": "4.19.1",
        "zod": "^3.22.3"
      },
      "peerDependencies": {
        "@vitest/runner": "2.0.x - 3.1.x",
        "@vitest/snapshot": "2.0.x - 3.1.x",
        "vitest": "2.0.x - 3.1.x"
      }
    },
    "node_modules/@cloudflare/vitest-pool-workers/node_modules/@esbuild/aix-ppc64": {
      "version": "0.25.4",
      "resolved": "https://registry.npmjs.org/@esbuild/aix-ppc64/-/aix-ppc64-0.25.4.tgz",
      "integrity": "sha512-1VCICWypeQKhVbE9oW/sJaAmjLxhVqacdkvPLEjwlttjfwENRSClS8EjBz0KzRyFSCPDIkuXW34Je/vk7zdB7Q==",
      "cpu": [
        "ppc64"
      ],
      "dev": true,
      "license": "MIT",
      "optional": true,
      "os": [
        "aix"
      ],
      "engines": {
        "node": ">=18"
      }
    },
    "node_modules/@cloudflare/vitest-pool-workers/node_modules/@esbuild/android-arm": {
      "version": "0.25.4",
      "resolved": "https://registry.npmjs.org/@esbuild/android-arm/-/android-arm-0.25.4.tgz",
      "integrity": "sha512-QNdQEps7DfFwE3hXiU4BZeOV68HHzYwGd0Nthhd3uCkkEKK7/R6MTgM0P7H7FAs5pU/DIWsviMmEGxEoxIZ+ZQ==",
      "cpu": [
        "arm"
      ],
      "dev": true,
      "license": "MIT",
      "optional": true,
      "os": [
        "android"
      ],
      "engines": {
        "node": ">=18"
      }
